{
  "name": "jetpath_for_edwing",
  "lockfileVersion": 3,
  "requires": true,
  "packages": {
    "": {
      "dependencies": {
        "jetpath": "^1.4.8"
      }
    },
    "node_modules/jetpath": {
      "version": "1.4.8",
      "resolved": "https://registry.npmjs.org/jetpath/-/jetpath-1.4.8.tgz",
      "integrity": "sha512-z3ydGbD1IJ3R7gvv5uZ+7B7Bdo4dxvlJjUkJk+1F0FCNoIDKvMdSBvfDy6c/W/g8rscrXf2SLIyvWZAxPWVMig==",
      "dependencies": {
        "mime": "^4.0.1"
      },
      "engines": {
        "bun": ">=0.1.0",
        "node": ">=14.0.0"
      }
    },
    "node_modules/mime": {
      "version": "4.0.1",
      "resolved": "https://registry.npmjs.org/mime/-/mime-4.0.1.tgz",
      "integrity": "sha512-5lZ5tyrIfliMXzFtkYyekWbtRXObT9OWa8IwQ5uxTBDHucNNwniRqo0yInflj+iYi5CBa6qxadGzGarDfuEOxA==",
      "funding": [
        "https://github.com/sponsors/broofa"
      ],
      "bin": {
        "mime": "bin/cli.js"
      },
      "engines": {
        "node": ">=16"
      }
    }
  }
}
